{
    "_readme": [
        "This file locks the dependencies of your project to a known state",
        "Read more about it at https://getcomposer.org/doc/01-basic-usage.md#installing-dependencies",
        "This file is @generated automatically"
    ],
    "content-hash": "cd338b858d2dfa701f38a551683e736b",
    "packages": [],
    "packages-dev": [
        {
            "name": "doctrine/annotations",
            "version": "1.10.4",
            "source": {
                "type": "git",
                "url": "https://github.com/doctrine/annotations.git",
                "reference": "bfe91e31984e2ba76df1c1339681770401ec262f"
            },
            "dist": {
                "type": "zip",
                "url": "https://api.github.com/repos/doctrine/annotations/zipball/bfe91e31984e2ba76df1c1339681770401ec262f",
                "reference": "bfe91e31984e2ba76df1c1339681770401ec262f",
                "shasum": ""
            },
            "require": {
                "doctrine/lexer": "1.*",
                "ext-tokenizer": "*",
                "php": "^7.1 || ^8.0"
            },
            "require-dev": {
                "doctrine/cache": "1.*",
                "phpstan/phpstan": "^0.12.20",
                "phpunit/phpunit": "^7.5 || ^9.1.5"
            },
            "type": "library",
            "extra": {
                "branch-alias": {
                    "dev-master": "1.9.x-dev"
                }
            },
            "autoload": {
                "psr-4": {
                    "Doctrine\\Common\\Annotations\\": "lib/Doctrine/Common/Annotations"
                }
            },
            "notification-url": "https://packagist.org/downloads/",
            "license": [
                "MIT"
            ],
            "authors": [
                {
                    "name": "Guilherme Blanco",
                    "email": "guilhermeblanco@gmail.com"
                },
                {
                    "name": "Roman Borschel",
                    "email": "roman@code-factory.org"
                },
                {
                    "name": "Benjamin Eberlei",
                    "email": "kontakt@beberlei.de"
                },
                {
                    "name": "Jonathan Wage",
                    "email": "jonwage@gmail.com"
                },
                {
                    "name": "Johannes Schmitt",
                    "email": "schmittjoh@gmail.com"
                }
            ],
            "description": "Docblock Annotations Parser",
            "homepage": "http://www.doctrine-project.org",
            "keywords": [
                "annotations",
                "docblock",
                "parser"
            ],
            "time": "2020-08-10T19:35:50+00:00"
        },
        {
            "name": "doctrine/lexer",
            "version": "1.2.1",
            "source": {
                "type": "git",
                "url": "https://github.com/doctrine/lexer.git",
                "reference": "e864bbf5904cb8f5bb334f99209b48018522f042"
            },
            "dist": {
                "type": "zip",
                "url": "https://api.github.com/repos/doctrine/lexer/zipball/e864bbf5904cb8f5bb334f99209b48018522f042",
                "reference": "e864bbf5904cb8f5bb334f99209b48018522f042",
                "shasum": ""
            },
            "require": {
                "php": "^7.2 || ^8.0"
            },
            "require-dev": {
                "doctrine/coding-standard": "^6.0",
                "phpstan/phpstan": "^0.11.8",
                "phpunit/phpunit": "^8.2"
            },
            "type": "library",
            "extra": {
                "branch-alias": {
                    "dev-master": "1.2.x-dev"
                }
            },
            "autoload": {
                "psr-4": {
                    "Doctrine\\Common\\Lexer\\": "lib/Doctrine/Common/Lexer"
                }
            },
            "notification-url": "https://packagist.org/downloads/",
            "license": [
                "MIT"
            ],
            "authors": [
                {
                    "name": "Guilherme Blanco",
                    "email": "guilhermeblanco@gmail.com"
                },
                {
                    "name": "Roman Borschel",
                    "email": "roman@code-factory.org"
                },
                {
                    "name": "Johannes Schmitt",
                    "email": "schmittjoh@gmail.com"
                }
            ],
            "description": "PHP Doctrine Lexer parser library that can be used in Top-Down, Recursive Descent Parsers.",
            "homepage": "https://www.doctrine-project.org/projects/lexer.html",
            "keywords": [
                "annotations",
                "docblock",
                "lexer",
                "parser",
                "php"
            ],
            "funding": [
                {
                    "url": "https://www.doctrine-project.org/sponsorship.html",
                    "type": "custom"
                },
                {
                    "url": "https://www.patreon.com/phpdoctrine",
                    "type": "patreon"
                },
                {
                    "url": "https://tidelift.com/funding/github/packagist/doctrine%2Flexer",
                    "type": "tidelift"
                }
            ],
            "time": "2020-05-25T17:44:05+00:00"
        },
        {
            "name": "hanneskod/classtools",
            "version": "1.2.1",
            "source": {
                "type": "git",
                "url": "https://github.com/hanneskod/classtools.git",
                "reference": "d365ddac0e602027c0471ea292f4ba2afcb49394"
            },
            "dist": {
                "type": "zip",
                "url": "https://api.github.com/repos/hanneskod/classtools/zipball/d365ddac0e602027c0471ea292f4ba2afcb49394",
                "reference": "d365ddac0e602027c0471ea292f4ba2afcb49394",
                "shasum": ""
            },
            "require": {
                "nikic/php-parser": "^4",
                "php": ">=7.1",
                "symfony/finder": "^4|^5"
            },
            "type": "library",
            "autoload": {
                "psr-4": {
                    "hanneskod\\classtools\\": "src/"
                }
            },
            "notification-url": "https://packagist.org/downloads/",
            "license": [
                "WTFPL"
            ],
            "authors": [
                {
                    "name": "Hannes Forsgård",
                    "email": "hannes.forsgard@fripost.org"
                }
            ],
            "description": "Find, extract and process classes from file system",
            "homepage": "https://github.com/hanneskod/classtools",
            "keywords": [
                "class finder",
                "code generator",
                "metaprogramming",
                "minimizer"
            ],
            "time": "2020-03-05T20:41:28+00:00"
        },
        {
            "name": "k-adam/entity-transpiler",
            "version": "dev-master",
            "source": {
                "type": "git",
                "url": "https://github.com/K-Adam/php-entity-transpiler.git",
                "reference": "4a32b0b019ab1a76c6d11c10ad803dd5237acfc6"
            },
            "dist": {
                "type": "zip",
                "url": "https://api.github.com/repos/K-Adam/php-entity-transpiler/zipball/4a32b0b019ab1a76c6d11c10ad803dd5237acfc6",
                "reference": "4a32b0b019ab1a76c6d11c10ad803dd5237acfc6",
                "shasum": ""
            },
            "require": {
                "doctrine/annotations": "^1.5",
                "hanneskod/classtools": "^1.2",
                "php": "^7.2",
                "splitbrain/php-cli": "^1.1"
            },
            "require-dev": {
                "phpspec/prophecy": "~1.0",
                "phpunit/php-code-coverage": "7.0.10",
                "phpunit/phpunit": "8.2"
            },
            "bin": [
                "bin/entity-transpiler"
            ],
            "type": "library",
            "autoload": {
                "psr-4": {
                    "EntityTranspiler\\": "src/"
                },
                "files": [
                    "./bootstrap.php"
                ]
            },
            "notification-url": "https://packagist.org/downloads/",
            "license": [
                "MIT"
            ],
            "authors": [
                {
                    "name": "Adam Kecskes",
                    "email": "kecskes.adam@outlook.com"
                }
            ],
            "description": "Converts php classes to typescript classes/interfaces",
            "keywords": [
                "entity",
                "php",
                "transcompiler",
                "transpiler",
                "typescript"
            ],
            "time": "2020-09-13T17:33:09+00:00"
        },
        {
            "name": "nikic/php-parser",
            "version": "v4.9.1",
            "source": {
                "type": "git",
                "url": "https://github.com/nikic/PHP-Parser.git",
                "reference": "88e519766fc58bd46b8265561fb79b54e2e00b28"
            },
            "dist": {
                "type": "zip",
                "url": "https://api.github.com/repos/nikic/PHP-Parser/zipball/88e519766fc58bd46b8265561fb79b54e2e00b28",
                "reference": "88e519766fc58bd46b8265561fb79b54e2e00b28",
                "shasum": ""
            },
            "require": {
                "ext-tokenizer": "*",
                "php": ">=7.0"
            },
            "require-dev": {
                "ircmaxell/php-yacc": "^0.0.7",
                "phpunit/phpunit": "^6.5 || ^7.0 || ^8.0 || ^9.0"
            },
            "bin": [
                "bin/php-parse"
            ],
            "type": "library",
            "extra": {
                "branch-alias": {
                    "dev-master": "4.9-dev"
                }
            },
            "autoload": {
                "psr-4": {
                    "PhpParser\\": "lib/PhpParser"
                }
            },
            "notification-url": "https://packagist.org/downloads/",
            "license": [
                "BSD-3-Clause"
            ],
            "authors": [
                {
                    "name": "Nikita Popov"
                }
            ],
            "description": "A PHP parser written in PHP",
            "keywords": [
                "parser",
                "php"
            ],
            "time": "2020-08-30T16:15:20+00:00"
        },
        {
            "name": "splitbrain/php-cli",
            "version": "1.1.7",
            "source": {
                "type": "git",
                "url": "https://github.com/splitbrain/php-cli.git",
                "reference": "fb4f888866d090b10e3e68292d197ca274cea626"
            },
            "dist": {
                "type": "zip",
                "url": "https://api.github.com/repos/splitbrain/php-cli/zipball/fb4f888866d090b10e3e68292d197ca274cea626",
                "reference": "fb4f888866d090b10e3e68292d197ca274cea626",
                "shasum": ""
            },
            "require": {
                "php": ">=5.3.0"
            },
            "require-dev": {
                "phpunit/phpunit": "4.5.*"
            },
            "suggest": {
                "psr/log": "Allows you to make the CLI available as PSR-3 logger"
            },
            "type": "library",
            "autoload": {
                "psr-4": {
                    "splitbrain\\phpcli\\": "src"
                }
            },
            "notification-url": "https://packagist.org/downloads/",
            "license": [
                "MIT"
            ],
            "authors": [
                {
                    "name": "Andreas Gohr",
                    "email": "andi@splitbrain.org"
                }
            ],
            "description": "Easy command line scripts for PHP with opt parsing and color output. No dependencies",
            "keywords": [
                "argparse",
                "cli",
                "command line",
                "console",
                "getopt",
                "optparse",
                "terminal"
            ],
            "time": "2019-12-12T08:24:54+00:00"
        },
        {
            "name": "symfony/finder",
            "version": "v5.1.5",
            "source": {
                "type": "git",
                "url": "https://github.com/symfony/finder.git",
                "reference": "2b765f0cf6612b3636e738c0689b29aa63088d5d"
            },
            "dist": {
                "type": "zip",
                "url": "https://api.github.com/repos/symfony/finder/zipball/2b765f0cf6612b3636e738c0689b29aa63088d5d",
                "reference": "2b765f0cf6612b3636e738c0689b29aa63088d5d",
                "shasum": ""
            },
            "require": {
                "php": ">=7.2.5"
            },
            "type": "library",
            "extra": {
                "branch-alias": {
                    "dev-master": "5.1-dev"
                }
            },
            "autoload": {
                "psr-4": {
                    "Symfony\\Component\\Finder\\": ""
                },
                "exclude-from-classmap": [
                    "/Tests/"
                ]
            },
            "notification-url": "https://packagist.org/downloads/",
            "license": [
                "MIT"
            ],
            "authors": [
                {
                    "name": "Fabien Potencier",
                    "email": "fabien@symfony.com"
                },
                {
                    "name": "Symfony Community",
                    "homepage": "https://symfony.com/contributors"
                }
            ],
            "description": "Symfony Finder Component",
            "homepage": "https://symfony.com",
            "funding": [
                {
                    "url": "https://symfony.com/sponsor",
                    "type": "custom"
                },
                {
                    "url": "https://github.com/fabpot",
                    "type": "github"
                },
                {
                    "url": "https://tidelift.com/funding/github/packagist/symfony/symfony",
                    "type": "tidelift"
                }
            ],
            "time": "2020-08-17T10:01:29+00:00"
        }
    ],
    "aliases": [],
    "minimum-stability": "stable",
    "stability-flags": {
        "k-adam/entity-transpiler": 20
    },
    "prefer-stable": false,
    "prefer-lowest": false,
    "platform": [],
    "platform-dev": [],
    "plugin-api-version": "1.1.0"
}
